
Microsoft Visual Studio Solution File, Format Version 12.00
# Visual Studio 14
VisualStudioVersion = 14.0.25420.1
MinimumVisualStudioVersion = 10.0.40219.1
Project("{FAE04EC0-301F-11D3-BF4B-00C04F79EFBC}") = "TrashCollectors", "TrashCollectors\TrashCollectors.csproj", "{29805AAD-897D-4026-9C2E-D6B8C9B2784C}"
EndProject
Global
	GlobalSection(SolutionConfigurationPlatforms) = preSolution
		Debug|Any CPU = Debug|Any CPU
		Release|Any CPU = Release|Any CPU
	EndGlobalSection
	GlobalSection(ProjectConfigurationPlatforms) = postSolution
		{29805AAD-897D-4026-9C2E-D6B8C9B2784C}.Debug|Any CPU.ActiveCfg = Debug|Any CPU
		{29805AAD-897D-4026-9C2E-D6B8C9B2784C}.Debug|Any CPU.Build.0 = Debug|Any CPU
		{29805AAD-897D-4026-9C2E-D6B8C9B2784C}.Release|Any CPU.ActiveCfg = Release|Any CPU
		{29805AAD-897D-4026-9C2E-D6B8C9B2784C}.Release|Any CPU.Build.0 = Release|Any CPU
	EndGlobalSection
	GlobalSection(SolutionProperties) = preSolution
		HideSolutionNode = FALSE
	EndGlobalSection
EndGlobal
